
Microsoft Visual Studio Solution File, Format Version 12.00
# Visual Studio 2013
VisualStudioVersion = 12.0.21005.1
MinimumVisualStudioVersion = 10.0.40219.1
Project("{FAE04EC0-301F-11D3-BF4B-00C04F79EFBC}") = "QTweb", "QTweb\QTweb.csproj", "{95F853F9-5B49-4E55-ACC6-431B3D71B55D}"
EndProject
Project("{FAE04EC0-301F-11D3-BF4B-00C04F79EFBC}") = "QTweb.Tests", "QTweb.Tests\QTweb.Tests.csproj", "{C71750D1-9A9E-4D6E-8049-6A6E143211EA}"
EndProject
Global
	GlobalSection(SolutionConfigurationPlatforms) = preSolution
		Debug|Any CPU = Debug|Any CPU
		Release|Any CPU = Release|Any CPU
	EndGlobalSection
	GlobalSection(ProjectConfigurationPlatforms) = postSolution
		{95F853F9-5B49-4E55-ACC6-431B3D71B55D}.Debug|Any CPU.ActiveCfg = Debug|Any CPU
		{95F853F9-5B49-4E55-ACC6-431B3D71B55D}.Debug|Any CPU.Build.0 = Debug|Any CPU
		{95F853F9-5B49-4E55-ACC6-431B3D71B55D}.Release|Any CPU.ActiveCfg = Release|Any CPU
		{95F853F9-5B49-4E55-ACC6-431B3D71B55D}.Release|Any CPU.Build.0 = Release|Any CPU
		{C71750D1-9A9E-4D6E-8049-6A6E143211EA}.Debug|Any CPU.ActiveCfg = Debug|Any CPU
		{C71750D1-9A9E-4D6E-8049-6A6E143211EA}.Debug|Any CPU.Build.0 = Debug|Any CPU
		{C71750D1-9A9E-4D6E-8049-6A6E143211EA}.Release|Any CPU.ActiveCfg = Release|Any CPU
		{C71750D1-9A9E-4D6E-8049-6A6E143211EA}.Release|Any CPU.Build.0 = Release|Any CPU
	EndGlobalSection
	GlobalSection(SolutionProperties) = preSolution
		HideSolutionNode = FALSE
	EndGlobalSection
EndGlobal
